
Microsoft Visual Studio Solution File, Format Version 12.00
# Visual Studio Version 17
VisualStudioVersion = 17.9.34616.47
MinimumVisualStudioVersion = 10.0.40219.1
Project("{9A19103F-16F7-4668-BE54-9A1E7A4F7556}") = "FluentBlazor", "FluentBlazor\FluentBlazor\FluentBlazor.csproj", "{7C6073D5-0FAA-475D-93FC-7DB946A161F0}"
EndProject
Project("{9A19103F-16F7-4668-BE54-9A1E7A4F7556}") = "FluentBlazor.Client", "FluentBlazor\FluentBlazor.Client\FluentBlazor.Client.csproj", "{164D03C0-CBE2-451C-8C4B-C4870034995B}"
EndProject
Global
	GlobalSection(SolutionConfigurationPlatforms) = preSolution
		Debug|Any CPU = Debug|Any CPU
		Release|Any CPU = Release|Any CPU
	EndGlobalSection
	GlobalSection(ProjectConfigurationPlatforms) = postSolution
		{7C6073D5-0FAA-475D-93FC-7DB946A161F0}.Debug|Any CPU.ActiveCfg = Debug|Any CPU
		{7C6073D5-0FAA-475D-93FC-7DB946A161F0}.Debug|Any CPU.Build.0 = Debug|Any CPU
		{7C6073D5-0FAA-475D-93FC-7DB946A161F0}.Release|Any CPU.ActiveCfg = Release|Any CPU
		{7C6073D5-0FAA-475D-93FC-7DB946A161F0}.Release|Any CPU.Build.0 = Release|Any CPU
		{164D03C0-CBE2-451C-8C4B-C4870034995B}.Debug|Any CPU.ActiveCfg = Debug|Any CPU
		{164D03C0-CBE2-451C-8C4B-C4870034995B}.Debug|Any CPU.Build.0 = Debug|Any CPU
		{164D03C0-CBE2-451C-8C4B-C4870034995B}.Release|Any CPU.ActiveCfg = Release|Any CPU
		{164D03C0-CBE2-451C-8C4B-C4870034995B}.Release|Any CPU.Build.0 = Release|Any CPU
	EndGlobalSection
	GlobalSection(SolutionProperties) = preSolution
		HideSolutionNode = FALSE
	EndGlobalSection
	GlobalSection(ExtensibilityGlobals) = postSolution
		SolutionGuid = {96440964-1FD8-4974-AB08-09F6EB0EBEDC}
	EndGlobalSection
EndGlobal
